// !$*UTF8*$!
{
	archiveVersion = 1;
	classes = {
	};
	objectVersion = 77;
	objects = {

/* Begin PBXContainerItemProxy section */
		D5D21E392E2F3F8B00C03766 /* PBXContainerItemProxy */ = {
			isa = PBXContainerItemProxy;
			containerPortal = D5D21E212E2F3F8A00C03766 /* Project object */;
			proxyType = 1;
			remoteGlobalIDString = D5D21E282E2F3F8A00C03766;
			remoteInfo = AsaRecipeFinder;
		};
		D5D21E432E2F3F8B00C03766 /* PBXContainerItemProxy */ = {
			isa = PBXContainerItemProxy;
			containerPortal = D5D21E212E2F3F8A00C03766 /* Project object */;
			proxyType = 1;
			remoteGlobalIDString = D5D21E282E2F3F8A00C03766;
			remoteInfo = AsaRecipeFinder;
		};
/* End PBXContainerItemProxy section */

/* Begin PBXFileReference section */
		D5D21E292E2F3F8A00C03766 /* AsaRecipeFinder.app */ = {isa = PBXFileReference; explicitFileType = wrapper.application; includeInIndex = 0; path = AsaRecipeFinder.app; sourceTree = BUILT_PRODUCTS_DIR; };
		D5D21E382E2F3F8B00C03766 /* AsaRecipeFinderTests.xctest */ = {isa = PBXFileReference; explicitFileType = wrapper.cfbundle; includeInIndex = 0; path = AsaRecipeFinderTests.xctest; sourceTree = BUILT_PRODUCTS_DIR; };
		D5D21E422E2F3F8B00C03766 /* AsaRecipeFinderUITests.xctest */ = {isa = PBXFileReference; explicitFileType = wrapper.cfbundle; includeInIndex = 0; path = AsaRecipeFinderUITests.xctest; sourceTree = BUILT_PRODUCTS_DIR; };
/* End PBXFileReference section */

/* Begin PBXFileSystemSynchronizedRootGroup section */
		D5D21E2B2E2F3F8A00C03766 /* AsaRecipeFinder */ = {
			isa = PBXFileSystemSynchronizedRootGroup;
			path = AsaRecipeFinder;
			sourceTree = "<group>";
		};
		D5D21E3B2E2F3F8B00C03766 /* AsaRecipeFinderTests */ = {
			isa = PBXFileSystemSynchronizedRootGroup;
			path = AsaRecipeFinderTests;
			sourceTree = "<group>";
		};
		D5D21E452E2F3F8B00C03766 /* AsaRecipeFinderUITests */ = {
			isa = PBXFileSystemSynchronizedRootGroup;
			path = AsaRecipeFinderUITests;
			sourceTree = "<group>";
		};
/* End PBXFileSystemSynchronizedRootGroup section */

/* Begin PBXFrameworksBuildPhase section */
		D5D21E262E2F3F8A00C03766 /* Frameworks */ = {
			isa = PBXFrameworksBuildPhase;
			buildActionMask = 2147483647;
			files = (
			);
			runOnlyForDeploymentPostprocessing = 0;
		};
		D5D21E352E2F3F8B00C03766 /* Frameworks */ = {
			isa = PBXFrameworksBuildPhase;
			buildActionMask = 2147483647;
			files = (
			);
			runOnlyForDeploymentPostprocessing = 0;
		};
		D5D21E3F2E2F3F8B00C03766 /* Frameworks */ = {
			isa = PBXFrameworksBuildPhase;
			buildActionMask = 2147483647;
			files = (
			);
			runOnlyForDeploymentPostprocessing = 0;
		};
/* End PBXFrameworksBuildPhase section */

/* Begin PBXGroup section */
		D5D21E202E2F3F8A00C03766 = {
			isa = PBXGroup;
			children = (
				D5D21E2B2E2F3F8A00C03766 /* AsaRecipeFinder */,
				D5D21E3B2E2F3F8B00C03766 /* AsaRecipeFinderTests */,
				D5D21E452E2F3F8B00C03766 /* AsaRecipeFinderUITests */,
				D5D21E2A2E2F3F8A00C03766 /* Products */,
			);
			sourceTree = "<group>";
		};
		D5D21E2A2E2F3F8A00C03766 /* Products */ = {
			isa = PBXGroup;
			children = (
				D5D21E292E2F3F8A00C03766 /* AsaRecipeFinder.app */,
				D5D21E382E2F3F8B00C03766 /* AsaRecipeFinderTests.xctest */,
				D5D21E422E2F3F8B00C03766 /* AsaRecipeFinderUITests.xctest */,
			);
			name = Products;
			sourceTree = "<group>";
		};
/* End PBXGroup section */

/* Begin PBXNativeTarget section */
		D5D21E282E2F3F8A00C03766 /* AsaRecipeFinder */ = {
			isa = PBXNativeTarget;
			buildConfigurationList = D5D21E4C2E2F3F8B00C03766 /* Build configuration list for PBXNativeTarget "AsaRecipeFinder" */;
			buildPhases = (
				D5D21E252E2F3F8A00C03766 /* Sources */,
				D5D21E262E2F3F8A00C03766 /* Frameworks */,
				D5D21E272E2F3F8A00C03766 /* Resources */,
			);
			buildRules = (
			);
			dependencies = (
			);
			fileSystemSynchronizedGroups = (
				D5D21E2B2E2F3F8A00C03766 /* AsaRecipeFinder */,
			);
			name = AsaRecipeFinder;
			packageProductDependencies = (
			);
			productName = AsaRecipeFinder;
			productReference = D5D21E292E2F3F8A00C03766 /* AsaRecipeFinder.app */;
			productType = "com.apple.product-type.application";
		};
		D5D21E372E2F3F8B00C03766 /* AsaRecipeFinderTests */ = {
			isa = PBXNativeTarget;
			buildConfigurationList = D5D21E4F2E2F3F8B00C03766 /* Build configuration list for PBXNativeTarget "AsaRecipeFinderTests" */;
			buildPhases = (
				D5D21E342E2F3F8B00C03766 /* Sources */,
				D5D21E352E2F3F8B00C03766 /* Frameworks */,
				D5D21E362E2F3F8B00C03766 /* Resources */,
			);
			buildRules = (
			);
			dependencies = (
				D5D21E3A2E2F3F8B00C03766 /* PBXTargetDependency */,
			);
			fileSystemSynchronizedGroups = (
				D5D21E3B2E2F3F8B00C03766 /* AsaRecipeFinderTests */,
			);
			name = AsaRecipeFinderTests;
			packageProductDependencies = (
			);
			productName = AsaRecipeFinderTests;
			productReference = D5D21E382E2F3F8B00C03766 /* AsaRecipeFinderTests.xctest */;
			productType = "com.apple.product-type.bundle.unit-test";
		};
		D5D21E412E2F3F8B00C03766 /* AsaRecipeFinderUITests */ = {
			isa = PBXNativeTarget;
			buildConfigurationList = D5D21E522E2F3F8B00C03766 /* Build configuration list for PBXNativeTarget "AsaRecipeFinderUITests" */;
			buildPhases = (
				D5D21E3E2E2F3F8B00C03766 /* Sources */,
				D5D21E3F2E2F3F8B00C03766 /* Frameworks */,
				D5D21E402E2F3F8B00C03766 /* Resources */,
			);
			buildRules = (
			);
			dependencies = (
				D5D21E442E2F3F8B00C03766 /* PBXTargetDependency */,
			);
			fileSystemSynchronizedGroups = (
				D5D21E452E2F3F8B00C03766 /* AsaRecipeFinderUITests */,
			);
			name = AsaRecipeFinderUITests;
			packageProductDependencies = (
			);
			productName = AsaRecipeFinderUITests;
			productReference = D5D21E422E2F3F8B00C03766 /* AsaRecipeFinderUITests.xctest */;
			productType = "com.apple.product-type.bundle.ui-testing";
		};
/* End PBXNativeTarget section */

/* Begin PBXProject section */
		D5D21E212E2F3F8A00C03766 /* Project object */ = {
			isa = PBXProject;
			attributes = {
				BuildIndependentTargetsInParallel = 1;
				LastSwiftUpdateCheck = 1640;
				LastUpgradeCheck = 1640;
				TargetAttributes = {
					D5D21E282E2F3F8A00C03766 = {
						CreatedOnToolsVersion = 16.4;
					};
					D5D21E372E2F3F8B00C03766 = {
						CreatedOnToolsVersion = 16.4;
						TestTargetID = D5D21E282E2F3F8A00C03766;
					};
					D5D21E412E2F3F8B00C03766 = {
						CreatedOnToolsVersion = 16.4;
						TestTargetID = D5D21E282E2F3F8A00C03766;
					};
				};
			};
			buildConfigurationList = D5D21E242E2F3F8A00C03766 /* Build configuration list for PBXProject "AsaRecipeFinder" */;
			developmentRegion = en;
			hasScannedForEncodings = 0;
			knownRegions = (
				en,
				Base,
			);
			mainGroup = D5D21E202E2F3F8A00C03766;
			minimizedProjectReferenceProxies = 1;
			preferredProjectObjectVersion = 77;
			productRefGroup = D5D21E2A2E2F3F8A00C03766 /* Products */;
			projectDirPath = "";
			projectRoot = "";
			targets = (
				D5D21E282E2F3F8A00C03766 /* AsaRecipeFinder */,
				D5D21E372E2F3F8B00C03766 /* AsaRecipeFinderTests */,
				D5D21E412E2F3F8B00C03766 /* AsaRecipeFinderUITests */,
			);
		};
/* End PBXProject section */

/* Begin PBXResourcesBuildPhase section */
		D5D21E272E2F3F8A00C03766 /* Resources */ = {
			isa = PBXResourcesBuildPhase;
			buildActionMask = 2147483647;
			files = (
			);
			runOnlyForDeploymentPostprocessing = 0;
		};
		D5D21E362E2F3F8B00C03766 /* Resources */ = {
			isa = PBXResourcesBuildPhase;
			buildActionMask = 2147483647;
			files = (
			);
			runOnlyForDeploymentPostprocessing = 0;
		};
		D5D21E402E2F3F8B00C03766 /* Resources */ = {
			isa = PBXResourcesBuildPhase;
			buildActionMask = 2147483647;
			files = (
			);
			runOnlyForDeploymentPostprocessing = 0;
		};
/* End PBXResourcesBuildPhase section */

/* Begin PBXSourcesBuildPhase section */
		D5D21E252E2F3F8A00C03766 /* Sources */ = {
			isa = PBXSourcesBuildPhase;
			buildActionMask = 2147483647;
			files = (
			);
			runOnlyForDeploymentPostprocessing = 0;
		};
		D5D21E342E2F3F8B00C03766 /* Sources */ = {
			isa = PBXSourcesBuildPhase;
			buildActionMask = 2147483647;
			files = (
			);
			runOnlyForDeploymentPostprocessing = 0;
		};
		D5D21E3E2E2F3F8B00C03766 /* Sources */ = {
			isa = PBXSourcesBuildPhase;
			buildActionMask = 2147483647;
			files = (
			);
			runOnlyForDeploymentPostprocessing = 0;
		};
/* End PBXSourcesBuildPhase section */

/* Begin PBXTargetDependency section */
		D5D21E3A2E2F3F8B00C03766 /* PBXTargetDependency */ = {
			isa = PBXTargetDependency;
			target = D5D21E282E2F3F8A00C03766 /* AsaRecipeFinder */;
			targetProxy = D5D21E392E2F3F8B00C03766 /* PBXContainerItemProxy */;
		};
		D5D21E442E2F3F8B00C03766 /* PBXTargetDependency */ = {
			isa = PBXTargetDependency;
			target = D5D21E282E2F3F8A00C03766 /* AsaRecipeFinder */;
			targetProxy = D5D21E432E2F3F8B00C03766 /* PBXContainerItemProxy */;
		};
/* End PBXTargetDependency section */

/* Begin XCBuildConfiguration section */
		D5D21E4A2E2F3F8B00C03766 /* Debug */ = {
			isa = XCBuildConfiguration;
			buildSettings = {
				ALWAYS_SEARCH_USER_PATHS = NO;
				ASSETCATALOG_COMPILER_GENERATE_SWIFT_ASSET_SYMBOL_EXTENSIONS = YES;
				CLANG_ANALYZER_NONNULL = YES;
				CLANG_ANALYZER_NUMBER_OBJECT_CONVERSION = YES_AGGRESSIVE;
				CLANG_CXX_LANGUAGE_STANDARD = "gnu++20";
				CLANG_ENABLE_MODULES = YES;
				CLANG_ENABLE_OBJC_ARC = YES;
				CLANG_ENABLE_OBJC_WEAK = YES;
				CLANG_WARN_BLOCK_CAPTURE_AUTORELEASING = YES;
				CLANG_WARN_BOOL_CONVERSION = YES;
				CLANG_WARN_COMMA = YES;
				CLANG_WARN_CONSTANT_CONVERSION = YES;
				CLANG_WARN_DEPRECATED_OBJC_IMPLEMENTATIONS = YES;
				CLANG_WARN_DIRECT_OBJC_ISA_USAGE = YES_ERROR;
				CLANG_WARN_DOCUMENTATION_COMMENTS = YES;
				CLANG_WARN_EMPTY_BODY = YES;
				CLANG_WARN_ENUM_CONVERSION = YES;
				CLANG_WARN_INFINITE_RECURSION = YES;
				CLANG_WARN_INT_CONVERSION = YES;
				CLANG_WARN_NON_LITERAL_NULL_CONVERSION = YES;
				CLANG_WARN_OBJC_IMPLICIT_RETAIN_SELF = YES;
				CLANG_WARN_OBJC_LITERAL_CONVERSION = YES;
				CLANG_WARN_OBJC_ROOT_CLASS = YES_ERROR;
				CLANG_WARN_QUOTED_INCLUDE_IN_FRAMEWORK_HEADER = YES;
				CLANG_WARN_RANGE_LOOP_ANALYSIS = YES;
				CLANG_WARN_STRICT_PROTOTYPES = YES;
				CLANG_WARN_SUSPICIOUS_MOVE = YES;
				CLANG_WARN_UNGUARDED_AVAILABILITY = YES_AGGRESSIVE;
				CLANG_WARN_UNREACHABLE_CODE = YES;
				CLANG_WARN__DUPLICATE_METHOD_MATCH = YES;
				COPY_PHASE_STRIP = NO;
				DEBUG_INFORMATION_FORMAT = dwarf;
				DEVELOPMENT_TEAM = UUD4WPFJTD;
				ENABLE_STRICT_OBJC_MSGSEND = YES;
				ENABLE_TESTABILITY = YES;
				ENABLE_USER_SCRIPT_SANDBOXING = YES;
				GCC_C_LANGUAGE_STANDARD = gnu17;
				GCC_DYNAMIC_NO_PIC = NO;
				GCC_NO_COMMON_BLOCKS = YES;
				GCC_OPTIMIZATION_LEVEL = 0;
				GCC_PREPROCESSOR_DEFINITIONS = (
					"DEBUG=1",
					"$(inherited)",
				);
				GCC_WARN_64_TO_32_BIT_CONVERSION = YES;
				GCC_WARN_ABOUT_RETURN_TYPE = YES_ERROR;
				GCC_WARN_UNDECLARED_SELECTOR = YES;
				GCC_WARN_UNINITIALIZED_AUTOS = YES_AGGRESSIVE;
				GCC_WARN_UNUSED_FUNCTION = YES;
				GCC_WARN_UNUSED_VARIABLE = YES;
				IPHONEOS_DEPLOYMENT_TARGET = 18.5;
				LOCALIZATION_PREFERS_STRING_CATALOGS = YES;
				MTL_ENABLE_DEBUG_INFO = INCLUDE_SOURCE;
				MTL_FAST_MATH = YES;
				ONLY_ACTIVE_ARCH = YES;
				SDKROOT = iphoneos;
				SWIFT_ACTIVE_COMPILATION_CONDITIONS = "DEBUG $(inherited)";
				SWIFT_OPTIMIZATION_LEVEL = "-Onone";
			};
			name = Debug;
		};
		D5D21E4B2E2F3F8B00C03766 /* Release */ = {
			isa = XCBuildConfiguration;
			buildSettings = {
				ALWAYS_SEARCH_USER_PATHS = NO;
				ASSETCATALOG_COMPILER_GENERATE_SWIFT_ASSET_SYMBOL_EXTENSIONS = YES;
				CLANG_ANALYZER_NONNULL = YES;
				CLANG_ANALYZER_NUMBER_OBJECT_CONVERSION = YES_AGGRESSIVE;
				CLANG_CXX_LANGUAGE_STANDARD = "gnu++20";
				CLANG_ENABLE_MODULES = YES;
				CLANG_ENABLE_OBJC_ARC = YES;
				CLANG_ENABLE_OBJC_WEAK = YES;
				CLANG_WARN_BLOCK_CAPTURE_AUTORELEASING = YES;
				CLANG_WARN_BOOL_CONVERSION = YES;
				CLANG_WARN_COMMA = YES;
				CLANG_WARN_CONSTANT_CONVERSION = YES;
				CLANG_WARN_DEPRECATED_OBJC_IMPLEMENTATIONS = YES;
				CLANG_WARN_DIRECT_OBJC_ISA_USAGE = YES_ERROR;
				CLANG_WARN_DOCUMENTATION_COMMENTS = YES;
				CLANG_WARN_EMPTY_BODY = YES;
				CLANG_WARN_ENUM_CONVERSION = YES;
				CLANG_WARN_INFINITE_RECURSION = YES;
				CLANG_WARN_INT_CONVERSION = YES;
				CLANG_WARN_NON_LITERAL_NULL_CONVERSION = YES;
				CLANG_WARN_OBJC_IMPLICIT_RETAIN_SELF = YES;
				CLANG_WARN_OBJC_LITERAL_CONVERSION = YES;
				CLANG_WARN_OBJC_ROOT_CLASS = YES_ERROR;
				CLANG_WARN_QUOTED_INCLUDE_IN_FRAMEWORK_HEADER = YES;
				CLANG_WARN_RANGE_LOOP_ANALYSIS = YES;
				CLANG_WARN_STRICT_PROTOTYPES = YES;
				CLANG_WARN_SUSPICIOUS_MOVE = YES;
				CLANG_WARN_UNGUARDED_AVAILABILITY = YES_AGGRESSIVE;
				CLANG_WARN_UNREACHABLE_CODE = YES;
				CLANG_WARN__DUPLICATE_METHOD_MATCH = YES;
				COPY_PHASE_STRIP = NO;
				DEBUG_INFORMATION_FORMAT = "dwarf-with-dsym";
				DEVELOPMENT_TEAM = UUD4WPFJTD;
				ENABLE_NS_ASSERTIONS = NO;
				ENABLE_STRICT_OBJC_MSGSEND = YES;
				ENABLE_USER_SCRIPT_SANDBOXING = YES;
				GCC_C_LANGUAGE_STANDARD = gnu17;
				GCC_NO_COMMON_BLOCKS = YES;
				GCC_WARN_64_TO_32_BIT_CONVERSION = YES;
				GCC_WARN_ABOUT_RETURN_TYPE = YES_ERROR;
				GCC_WARN_UNDECLARED_SELECTOR = YES;
				GCC_WARN_UNINITIALIZED_AUTOS = YES_AGGRESSIVE;
				GCC_WARN_UNUSED_FUNCTION = YES;
				GCC_WARN_UNUSED_VARIABLE = YES;
				IPHONEOS_DEPLOYMENT_TARGET = 18.5;
				LOCALIZATION_PREFERS_STRING_CATALOGS = YES;
				MTL_ENABLE_DEBUG_INFO = NO;
				MTL_FAST_MATH = YES;
				SDKROOT = iphoneos;
				SWIFT_COMPILATION_MODE = wholemodule;
				VALIDATE_PRODUCT = YES;
			};
			name = Release;
		};
		D5D21E4D2E2F3F8B00C03766 /* Debug */ = {
			isa = XCBuildConfiguration;
			buildSettings = {
				ASSETCATALOG_COMPILER_APPICON_NAME = AppIcon;
				ASSETCATALOG_COMPILER_GLOBAL_ACCENT_COLOR_NAME = AccentColor;
				CODE_SIGN_STYLE = Automatic;
				CURRENT_PROJECT_VERSION = 1;
				DEVELOPMENT_TEAM = UUD4WPFJTD;
				ENABLE_PREVIEWS = YES;
				GENERATE_INFOPLIST_FILE = YES;
				INFOPLIST_KEY_UIApplicationSceneManifest_Generation = YES;
				INFOPLIST_KEY_UIApplicationSupportsIndirectInputEvents = YES;
				INFOPLIST_KEY_UILaunchScreen_Generation = YES;
				INFOPLIST_KEY_UISupportedInterfaceOrientations_iPad = "UIInterfaceOrientationPortrait UIInterfaceOrientationPortraitUpsideDown UIInterfaceOrientationLandscapeLeft UIInterfaceOrientationLandscapeRight";
				INFOPLIST_KEY_UISupportedInterfaceOrientations_iPhone = "UIInterfaceOrientationPortrait UIInterfaceOrientationLandscapeLeft UIInterfaceOrientationLandscapeRight";
				LD_RUNPATH_SEARCH_PATHS = (
					"$(inherited)",
					"@executable_path/Frameworks",
				);
				MARKETING_VERSION = 1.0;
				PRODUCT_BUNDLE_IDENTIFIER = com.asapapalab.AsaRecipeFinder;
				PRODUCT_NAME = "$(TARGET_NAME)";
				SWIFT_EMIT_LOC_STRINGS = YES;
				SWIFT_VERSION = 5.0;
				TARGETED_DEVICE_FAMILY = "1,2";
			};
			name = Debug;
		};
		D5D21E4E2E2F3F8B00C03766 /* Release */ = {
			isa = XCBuildConfiguration;
			buildSettings = {
				ASSETCATALOG_COMPILER_APPICON_NAME = AppIcon;
				ASSETCATALOG_COMPILER_GLOBAL_ACCENT_COLOR_NAME = AccentColor;
				CODE_SIGN_STYLE = Automatic;
				CURRENT_PROJECT_VERSION = 1;
				DEVELOPMENT_TEAM = UUD4WPFJTD;
				ENABLE_PREVIEWS = YES;
				GENERATE_INFOPLIST_FILE = YES;
				INFOPLIST_KEY_UIApplicationSceneManifest_Generation = YES;
				INFOPLIST_KEY_UIApplicationSupportsIndirectInputEvents = YES;
				INFOPLIST_KEY_UILaunchScreen_Generation = YES;
				INFOPLIST_KEY_UISupportedInterfaceOrientations_iPad = "UIInterfaceOrientationPortrait UIInterfaceOrientationPortraitUpsideDown UIInterfaceOrientationLandscapeLeft UIInterfaceOrientationLandscapeRight";
				INFOPLIST_KEY_UISupportedInterfaceOrientations_iPhone = "UIInterfaceOrientationPortrait UIInterfaceOrientationLandscapeLeft UIInterfaceOrientationLandscapeRight";
				LD_RUNPATH_SEARCH_PATHS = (
					"$(inherited)",
					"@executable_path/Frameworks",
				);
				MARKETING_VERSION = 1.0;
				PRODUCT_BUNDLE_IDENTIFIER = com.asapapalab.AsaRecipeFinder;
				PRODUCT_NAME = "$(TARGET_NAME)";
				SWIFT_EMIT_LOC_STRINGS = YES;
				SWIFT_VERSION = 5.0;
				TARGETED_DEVICE_FAMILY = "1,2";
			};
			name = Release;
		};
		D5D21E502E2F3F8B00C03766 /* Debug */ = {
			isa = XCBuildConfiguration;
			buildSettings = {
				BUNDLE_LOADER = "$(TEST_HOST)";
				CODE_SIGN_STYLE = Automatic;
				CURRENT_PROJECT_VERSION = 1;
				DEVELOPMENT_TEAM = UUD4WPFJTD;
				GENERATE_INFOPLIST_FILE = YES;
				IPHONEOS_DEPLOYMENT_TARGET = 18.5;
				MARKETING_VERSION = 1.0;
				PRODUCT_BUNDLE_IDENTIFIER = com.asapapalab.AsaRecipeFinderTests;
				PRODUCT_NAME = "$(TARGET_NAME)";
				SWIFT_EMIT_LOC_STRINGS = NO;
				SWIFT_VERSION = 5.0;
				TARGETED_DEVICE_FAMILY = "1,2";
				TEST_HOST = "$(BUILT_PRODUCTS_DIR)/AsaRecipeFinder.app/$(BUNDLE_EXECUTABLE_FOLDER_PATH)/AsaRecipeFinder";
			};
			name = Debug;
		};
		D5D21E512E2F3F8B00C03766 /* Release */ = {
			isa = XCBuildConfiguration;
			buildSettings = {
				BUNDLE_LOADER = "$(TEST_HOST)";
				CODE_SIGN_STYLE = Automatic;
				CURRENT_PROJECT_VERSION = 1;
				DEVELOPMENT_TEAM = UUD4WPFJTD;
				GENERATE_INFOPLIST_FILE = YES;
				IPHONEOS_DEPLOYMENT_TARGET = 18.5;
				MARKETING_VERSION = 1.0;
				PRODUCT_BUNDLE_IDENTIFIER = com.asapapalab.AsaRecipeFinderTests;
				PRODUCT_NAME = "$(TARGET_NAME)";
				SWIFT_EMIT_LOC_STRINGS = NO;
				SWIFT_VERSION = 5.0;
				TARGETED_DEVICE_FAMILY = "1,2";
				TEST_HOST = "$(BUILT_PRODUCTS_DIR)/AsaRecipeFinder.app/$(BUNDLE_EXECUTABLE_FOLDER_PATH)/AsaRecipeFinder";
			};
			name = Release;
		};
		D5D21E532E2F3F8B00C03766 /* Debug */ = {
			isa = XCBuildConfiguration;
			buildSettings = {
				CODE_SIGN_STYLE = Automatic;
				CURRENT_PROJECT_VERSION = 1;
				DEVELOPMENT_TEAM = UUD4WPFJTD;
				GENERATE_INFOPLIST_FILE = YES;
				MARKETING_VERSION = 1.0;
				PRODUCT_BUNDLE_IDENTIFIER = com.asapapalab.AsaRecipeFinderUITests;
				PRODUCT_NAME = "$(TARGET_NAME)";
				SWIFT_EMIT_LOC_STRINGS = NO;
				SWIFT_VERSION = 5.0;
				TARGETED_DEVICE_FAMILY = "1,2";
				TEST_TARGET_NAME = AsaRecipeFinder;
			};
			name = Debug;
		};
		D5D21E542E2F3F8B00C03766 /* Release */ = {
			isa = XCBuildConfiguration;
			buildSettings = {
				CODE_SIGN_STYLE = Automatic;
				CURRENT_PROJECT_VERSION = 1;
				DEVELOPMENT_TEAM = UUD4WPFJTD;
				GENERATE_INFOPLIST_FILE = YES;
				MARKETING_VERSION = 1.0;
				PRODUCT_BUNDLE_IDENTIFIER = com.asapapalab.AsaRecipeFinderUITests;
				PRODUCT_NAME = "$(TARGET_NAME)";
				SWIFT_EMIT_LOC_STRINGS = NO;
				SWIFT_VERSION = 5.0;
				TARGETED_DEVICE_FAMILY = "1,2";
				TEST_TARGET_NAME = AsaRecipeFinder;
			};
			name = Release;
		};
/* End XCBuildConfiguration section */

/* Begin XCConfigurationList section */
		D5D21E242E2F3F8A00C03766 /* Build configuration list for PBXProject "AsaRecipeFinder" */ = {
			isa = XCConfigurationList;
			buildConfigurations = (
				D5D21E4A2E2F3F8B00C03766 /* Debug */,
				D5D21E4B2E2F3F8B00C03766 /* Release */,
			);
			defaultConfigurationIsVisible = 0;
			defaultConfigurationName = Release;
		};
		D5D21E4C2E2F3F8B00C03766 /* Build configuration list for PBXNativeTarget "AsaRecipeFinder" */ = {
			isa = XCConfigurationList;
			buildConfigurations = (
				D5D21E4D2E2F3F8B00C03766 /* Debug */,
				D5D21E4E2E2F3F8B00C03766 /* Release */,
			);
			defaultConfigurationIsVisible = 0;
			defaultConfigurationName = Release;
		};
		D5D21E4F2E2F3F8B00C03766 /* Build configuration list for PBXNativeTarget "AsaRecipeFinderTests" */ = {
			isa = XCConfigurationList;
			buildConfigurations = (
				D5D21E502E2F3F8B00C03766 /* Debug */,
				D5D21E512E2F3F8B00C03766 /* Release */,
			);
			defaultConfigurationIsVisible = 0;
			defaultConfigurationName = Release;
		};
		D5D21E522E2F3F8B00C03766 /* Build configuration list for PBXNativeTarget "AsaRecipeFinderUITests" */ = {
			isa = XCConfigurationList;
			buildConfigurations = (
				D5D21E532E2F3F8B00C03766 /* Debug */,
				D5D21E542E2F3F8B00C03766 /* Release */,
			);
			defaultConfigurationIsVisible = 0;
			defaultConfigurationName = Release;
		};
/* End XCConfigurationList section */
	};
	rootObject = D5D21E212E2F3F8A00C03766 /* Project object */;
}
