// !$*UTF8*$!
{
	archiveVersion = 1;
	classes = {
	};
	objectVersion = 77;
	objects = {

/* Begin PBXContainerItemProxy section */
		D5C13F362E25AB910049D471 /* PBXContainerItemProxy */ = {
			isa = PBXContainerItemProxy;
			containerPortal = D5C13F1E2E25AB900049D471 /* Project object */;
			proxyType = 1;
			remoteGlobalIDString = D5C13F252E25AB900049D471;
			remoteInfo = AsaQRScanner;
		};
		D5C13F402E25AB910049D471 /* PBXContainerItemProxy */ = {
			isa = PBXContainerItemProxy;
			containerPortal = D5C13F1E2E25AB900049D471 /* Project object */;
			proxyType = 1;
			remoteGlobalIDString = D5C13F252E25AB900049D471;
			remoteInfo = AsaQRScanner;
		};
/* End PBXContainerItemProxy section */

/* Begin PBXFileReference section */
		D5C13F262E25AB900049D471 /* AsaQRScanner.app */ = {isa = PBXFileReference; explicitFileType = wrapper.application; includeInIndex = 0; path = AsaQRScanner.app; sourceTree = BUILT_PRODUCTS_DIR; };
		D5C13F352E25AB910049D471 /* AsaQRScannerTests.xctest */ = {isa = PBXFileReference; explicitFileType = wrapper.cfbundle; includeInIndex = 0; path = AsaQRScannerTests.xctest; sourceTree = BUILT_PRODUCTS_DIR; };
		D5C13F3F2E25AB910049D471 /* AsaQRScannerUITests.xctest */ = {isa = PBXFileReference; explicitFileType = wrapper.cfbundle; includeInIndex = 0; path = AsaQRScannerUITests.xctest; sourceTree = BUILT_PRODUCTS_DIR; };
/* End PBXFileReference section */

/* Begin PBXFileSystemSynchronizedRootGroup section */
		D5C13F282E25AB900049D471 /* AsaQRScanner */ = {
			isa = PBXFileSystemSynchronizedRootGroup;
			path = AsaQRScanner;
			sourceTree = "<group>";
		};
		D5C13F382E25AB910049D471 /* AsaQRScannerTests */ = {
			isa = PBXFileSystemSynchronizedRootGroup;
			path = AsaQRScannerTests;
			sourceTree = "<group>";
		};
		D5C13F422E25AB910049D471 /* AsaQRScannerUITests */ = {
			isa = PBXFileSystemSynchronizedRootGroup;
			path = AsaQRScannerUITests;
			sourceTree = "<group>";
		};
/* End PBXFileSystemSynchronizedRootGroup section */

/* Begin PBXFrameworksBuildPhase section */
		D5C13F232E25AB900049D471 /* Frameworks */ = {
			isa = PBXFrameworksBuildPhase;
			buildActionMask = 2147483647;
			files = (
			);
			runOnlyForDeploymentPostprocessing = 0;
		};
		D5C13F322E25AB910049D471 /* Frameworks */ = {
			isa = PBXFrameworksBuildPhase;
			buildActionMask = 2147483647;
			files = (
			);
			runOnlyForDeploymentPostprocessing = 0;
		};
		D5C13F3C2E25AB910049D471 /* Frameworks */ = {
			isa = PBXFrameworksBuildPhase;
			buildActionMask = 2147483647;
			files = (
			);
			runOnlyForDeploymentPostprocessing = 0;
		};
/* End PBXFrameworksBuildPhase section */

/* Begin PBXGroup section */
		D5C13F1D2E25AB900049D471 = {
			isa = PBXGroup;
			children = (
				D5C13F282E25AB900049D471 /* AsaQRScanner */,
				D5C13F382E25AB910049D471 /* AsaQRScannerTests */,
				D5C13F422E25AB910049D471 /* AsaQRScannerUITests */,
				D5C13F272E25AB900049D471 /* Products */,
			);
			sourceTree = "<group>";
		};
		D5C13F272E25AB900049D471 /* Products */ = {
			isa = PBXGroup;
			children = (
				D5C13F262E25AB900049D471 /* AsaQRScanner.app */,
				D5C13F352E25AB910049D471 /* AsaQRScannerTests.xctest */,
				D5C13F3F2E25AB910049D471 /* AsaQRScannerUITests.xctest */,
			);
			name = Products;
			sourceTree = "<group>";
		};
/* End PBXGroup section */

/* Begin PBXNativeTarget section */
		D5C13F252E25AB900049D471 /* AsaQRScanner */ = {
			isa = PBXNativeTarget;
			buildConfigurationList = D5C13F492E25AB910049D471 /* Build configuration list for PBXNativeTarget "AsaQRScanner" */;
			buildPhases = (
				D5C13F222E25AB900049D471 /* Sources */,
				D5C13F232E25AB900049D471 /* Frameworks */,
				D5C13F242E25AB900049D471 /* Resources */,
			);
			buildRules = (
			);
			dependencies = (
			);
			fileSystemSynchronizedGroups = (
				D5C13F282E25AB900049D471 /* AsaQRScanner */,
			);
			name = AsaQRScanner;
			packageProductDependencies = (
			);
			productName = AsaQRScanner;
			productReference = D5C13F262E25AB900049D471 /* AsaQRScanner.app */;
			productType = "com.apple.product-type.application";
		};
		D5C13F342E25AB910049D471 /* AsaQRScannerTests */ = {
			isa = PBXNativeTarget;
			buildConfigurationList = D5C13F4C2E25AB910049D471 /* Build configuration list for PBXNativeTarget "AsaQRScannerTests" */;
			buildPhases = (
				D5C13F312E25AB910049D471 /* Sources */,
				D5C13F322E25AB910049D471 /* Frameworks */,
				D5C13F332E25AB910049D471 /* Resources */,
			);
			buildRules = (
			);
			dependencies = (
				D5C13F372E25AB910049D471 /* PBXTargetDependency */,
			);
			fileSystemSynchronizedGroups = (
				D5C13F382E25AB910049D471 /* AsaQRScannerTests */,
			);
			name = AsaQRScannerTests;
			packageProductDependencies = (
			);
			productName = AsaQRScannerTests;
			productReference = D5C13F352E25AB910049D471 /* AsaQRScannerTests.xctest */;
			productType = "com.apple.product-type.bundle.unit-test";
		};
		D5C13F3E2E25AB910049D471 /* AsaQRScannerUITests */ = {
			isa = PBXNativeTarget;
			buildConfigurationList = D5C13F4F2E25AB910049D471 /* Build configuration list for PBXNativeTarget "AsaQRScannerUITests" */;
			buildPhases = (
				D5C13F3B2E25AB910049D471 /* Sources */,
				D5C13F3C2E25AB910049D471 /* Frameworks */,
				D5C13F3D2E25AB910049D471 /* Resources */,
			);
			buildRules = (
			);
			dependencies = (
				D5C13F412E25AB910049D471 /* PBXTargetDependency */,
			);
			fileSystemSynchronizedGroups = (
				D5C13F422E25AB910049D471 /* AsaQRScannerUITests */,
			);
			name = AsaQRScannerUITests;
			packageProductDependencies = (
			);
			productName = AsaQRScannerUITests;
			productReference = D5C13F3F2E25AB910049D471 /* AsaQRScannerUITests.xctest */;
			productType = "com.apple.product-type.bundle.ui-testing";
		};
/* End PBXNativeTarget section */

/* Begin PBXProject section */
		D5C13F1E2E25AB900049D471 /* Project object */ = {
			isa = PBXProject;
			attributes = {
				BuildIndependentTargetsInParallel = 1;
				LastSwiftUpdateCheck = 1640;
				LastUpgradeCheck = 1640;
				TargetAttributes = {
					D5C13F252E25AB900049D471 = {
						CreatedOnToolsVersion = 16.4;
					};
					D5C13F342E25AB910049D471 = {
						CreatedOnToolsVersion = 16.4;
						TestTargetID = D5C13F252E25AB900049D471;
					};
					D5C13F3E2E25AB910049D471 = {
						CreatedOnToolsVersion = 16.4;
						TestTargetID = D5C13F252E25AB900049D471;
					};
				};
			};
			buildConfigurationList = D5C13F212E25AB900049D471 /* Build configuration list for PBXProject "AsaQRScanner" */;
			developmentRegion = en;
			hasScannedForEncodings = 0;
			knownRegions = (
				en,
				Base,
			);
			mainGroup = D5C13F1D2E25AB900049D471;
			minimizedProjectReferenceProxies = 1;
			preferredProjectObjectVersion = 77;
			productRefGroup = D5C13F272E25AB900049D471 /* Products */;
			projectDirPath = "";
			projectRoot = "";
			targets = (
				D5C13F252E25AB900049D471 /* AsaQRScanner */,
				D5C13F342E25AB910049D471 /* AsaQRScannerTests */,
				D5C13F3E2E25AB910049D471 /* AsaQRScannerUITests */,
			);
		};
/* End PBXProject section */

/* Begin PBXResourcesBuildPhase section */
		D5C13F242E25AB900049D471 /* Resources */ = {
			isa = PBXResourcesBuildPhase;
			buildActionMask = 2147483647;
			files = (
			);
			runOnlyForDeploymentPostprocessing = 0;
		};
		D5C13F332E25AB910049D471 /* Resources */ = {
			isa = PBXResourcesBuildPhase;
			buildActionMask = 2147483647;
			files = (
			);
			runOnlyForDeploymentPostprocessing = 0;
		};
		D5C13F3D2E25AB910049D471 /* Resources */ = {
			isa = PBXResourcesBuildPhase;
			buildActionMask = 2147483647;
			files = (
			);
			runOnlyForDeploymentPostprocessing = 0;
		};
/* End PBXResourcesBuildPhase section */

/* Begin PBXSourcesBuildPhase section */
		D5C13F222E25AB900049D471 /* Sources */ = {
			isa = PBXSourcesBuildPhase;
			buildActionMask = 2147483647;
			files = (
			);
			runOnlyForDeploymentPostprocessing = 0;
		};
		D5C13F312E25AB910049D471 /* Sources */ = {
			isa = PBXSourcesBuildPhase;
			buildActionMask = 2147483647;
			files = (
			);
			runOnlyForDeploymentPostprocessing = 0;
		};
		D5C13F3B2E25AB910049D471 /* Sources */ = {
			isa = PBXSourcesBuildPhase;
			buildActionMask = 2147483647;
			files = (
			);
			runOnlyForDeploymentPostprocessing = 0;
		};
/* End PBXSourcesBuildPhase section */

/* Begin PBXTargetDependency section */
		D5C13F372E25AB910049D471 /* PBXTargetDependency */ = {
			isa = PBXTargetDependency;
			target = D5C13F252E25AB900049D471 /* AsaQRScanner */;
			targetProxy = D5C13F362E25AB910049D471 /* PBXContainerItemProxy */;
		};
		D5C13F412E25AB910049D471 /* PBXTargetDependency */ = {
			isa = PBXTargetDependency;
			target = D5C13F252E25AB900049D471 /* AsaQRScanner */;
			targetProxy = D5C13F402E25AB910049D471 /* PBXContainerItemProxy */;
		};
/* End PBXTargetDependency section */

/* Begin XCBuildConfiguration section */
		D5C13F472E25AB910049D471 /* Debug */ = {
			isa = XCBuildConfiguration;
			buildSettings = {
				ALWAYS_SEARCH_USER_PATHS = NO;
				ASSETCATALOG_COMPILER_GENERATE_SWIFT_ASSET_SYMBOL_EXTENSIONS = YES;
				CLANG_ANALYZER_NONNULL = YES;
				CLANG_ANALYZER_NUMBER_OBJECT_CONVERSION = YES_AGGRESSIVE;
				CLANG_CXX_LANGUAGE_STANDARD = "gnu++20";
				CLANG_ENABLE_MODULES = YES;
				CLANG_ENABLE_OBJC_ARC = YES;
				CLANG_ENABLE_OBJC_WEAK = YES;
				CLANG_WARN_BLOCK_CAPTURE_AUTORELEASING = YES;
				CLANG_WARN_BOOL_CONVERSION = YES;
				CLANG_WARN_COMMA = YES;
				CLANG_WARN_CONSTANT_CONVERSION = YES;
				CLANG_WARN_DEPRECATED_OBJC_IMPLEMENTATIONS = YES;
				CLANG_WARN_DIRECT_OBJC_ISA_USAGE = YES_ERROR;
				CLANG_WARN_DOCUMENTATION_COMMENTS = YES;
				CLANG_WARN_EMPTY_BODY = YES;
				CLANG_WARN_ENUM_CONVERSION = YES;
				CLANG_WARN_INFINITE_RECURSION = YES;
				CLANG_WARN_INT_CONVERSION = YES;
				CLANG_WARN_NON_LITERAL_NULL_CONVERSION = YES;
				CLANG_WARN_OBJC_IMPLICIT_RETAIN_SELF = YES;
				CLANG_WARN_OBJC_LITERAL_CONVERSION = YES;
				CLANG_WARN_OBJC_ROOT_CLASS = YES_ERROR;
				CLANG_WARN_QUOTED_INCLUDE_IN_FRAMEWORK_HEADER = YES;
				CLANG_WARN_RANGE_LOOP_ANALYSIS = YES;
				CLANG_WARN_STRICT_PROTOTYPES = YES;
				CLANG_WARN_SUSPICIOUS_MOVE = YES;
				CLANG_WARN_UNGUARDED_AVAILABILITY = YES_AGGRESSIVE;
				CLANG_WARN_UNREACHABLE_CODE = YES;
				CLANG_WARN__DUPLICATE_METHOD_MATCH = YES;
				COPY_PHASE_STRIP = NO;
				DEBUG_INFORMATION_FORMAT = dwarf;
				DEVELOPMENT_TEAM = UUD4WPFJTD;
				ENABLE_STRICT_OBJC_MSGSEND = YES;
				ENABLE_TESTABILITY = YES;
				ENABLE_USER_SCRIPT_SANDBOXING = YES;
				GCC_C_LANGUAGE_STANDARD = gnu17;
				GCC_DYNAMIC_NO_PIC = NO;
				GCC_NO_COMMON_BLOCKS = YES;
				GCC_OPTIMIZATION_LEVEL = 0;
				GCC_PREPROCESSOR_DEFINITIONS = (
					"DEBUG=1",
					"$(inherited)",
				);
				GCC_WARN_64_TO_32_BIT_CONVERSION = YES;
				GCC_WARN_ABOUT_RETURN_TYPE = YES_ERROR;
				GCC_WARN_UNDECLARED_SELECTOR = YES;
				GCC_WARN_UNINITIALIZED_AUTOS = YES_AGGRESSIVE;
				GCC_WARN_UNUSED_FUNCTION = YES;
				GCC_WARN_UNUSED_VARIABLE = YES;
				IPHONEOS_DEPLOYMENT_TARGET = 18.5;
				LOCALIZATION_PREFERS_STRING_CATALOGS = YES;
				MTL_ENABLE_DEBUG_INFO = INCLUDE_SOURCE;
				MTL_FAST_MATH = YES;
				ONLY_ACTIVE_ARCH = YES;
				SDKROOT = iphoneos;
				SWIFT_ACTIVE_COMPILATION_CONDITIONS = "DEBUG $(inherited)";
				SWIFT_OPTIMIZATION_LEVEL = "-Onone";
			};
			name = Debug;
		};
		D5C13F482E25AB910049D471 /* Release */ = {
			isa = XCBuildConfiguration;
			buildSettings = {
				ALWAYS_SEARCH_USER_PATHS = NO;
				ASSETCATALOG_COMPILER_GENERATE_SWIFT_ASSET_SYMBOL_EXTENSIONS = YES;
				CLANG_ANALYZER_NONNULL = YES;
				CLANG_ANALYZER_NUMBER_OBJECT_CONVERSION = YES_AGGRESSIVE;
				CLANG_CXX_LANGUAGE_STANDARD = "gnu++20";
				CLANG_ENABLE_MODULES = YES;
				CLANG_ENABLE_OBJC_ARC = YES;
				CLANG_ENABLE_OBJC_WEAK = YES;
				CLANG_WARN_BLOCK_CAPTURE_AUTORELEASING = YES;
				CLANG_WARN_BOOL_CONVERSION = YES;
				CLANG_WARN_COMMA = YES;
				CLANG_WARN_CONSTANT_CONVERSION = YES;
				CLANG_WARN_DEPRECATED_OBJC_IMPLEMENTATIONS = YES;
				CLANG_WARN_DIRECT_OBJC_ISA_USAGE = YES_ERROR;
				CLANG_WARN_DOCUMENTATION_COMMENTS = YES;
				CLANG_WARN_EMPTY_BODY = YES;
				CLANG_WARN_ENUM_CONVERSION = YES;
				CLANG_WARN_INFINITE_RECURSION = YES;
				CLANG_WARN_INT_CONVERSION = YES;
				CLANG_WARN_NON_LITERAL_NULL_CONVERSION = YES;
				CLANG_WARN_OBJC_IMPLICIT_RETAIN_SELF = YES;
				CLANG_WARN_OBJC_LITERAL_CONVERSION = YES;
				CLANG_WARN_OBJC_ROOT_CLASS = YES_ERROR;
				CLANG_WARN_QUOTED_INCLUDE_IN_FRAMEWORK_HEADER = YES;
				CLANG_WARN_RANGE_LOOP_ANALYSIS = YES;
				CLANG_WARN_STRICT_PROTOTYPES = YES;
				CLANG_WARN_SUSPICIOUS_MOVE = YES;
				CLANG_WARN_UNGUARDED_AVAILABILITY = YES_AGGRESSIVE;
				CLANG_WARN_UNREACHABLE_CODE = YES;
				CLANG_WARN__DUPLICATE_METHOD_MATCH = YES;
				COPY_PHASE_STRIP = NO;
				DEBUG_INFORMATION_FORMAT = "dwarf-with-dsym";
				DEVELOPMENT_TEAM = UUD4WPFJTD;
				ENABLE_NS_ASSERTIONS = NO;
				ENABLE_STRICT_OBJC_MSGSEND = YES;
				ENABLE_USER_SCRIPT_SANDBOXING = YES;
				GCC_C_LANGUAGE_STANDARD = gnu17;
				GCC_NO_COMMON_BLOCKS = YES;
				GCC_WARN_64_TO_32_BIT_CONVERSION = YES;
				GCC_WARN_ABOUT_RETURN_TYPE = YES_ERROR;
				GCC_WARN_UNDECLARED_SELECTOR = YES;
				GCC_WARN_UNINITIALIZED_AUTOS = YES_AGGRESSIVE;
				GCC_WARN_UNUSED_FUNCTION = YES;
				GCC_WARN_UNUSED_VARIABLE = YES;
				IPHONEOS_DEPLOYMENT_TARGET = 18.5;
				LOCALIZATION_PREFERS_STRING_CATALOGS = YES;
				MTL_ENABLE_DEBUG_INFO = NO;
				MTL_FAST_MATH = YES;
				SDKROOT = iphoneos;
				SWIFT_COMPILATION_MODE = wholemodule;
				VALIDATE_PRODUCT = YES;
			};
			name = Release;
		};
		D5C13F4A2E25AB910049D471 /* Debug */ = {
			isa = XCBuildConfiguration;
			buildSettings = {
				ASSETCATALOG_COMPILER_APPICON_NAME = AppIcon;
				ASSETCATALOG_COMPILER_GLOBAL_ACCENT_COLOR_NAME = AccentColor;
				CODE_SIGN_STYLE = Automatic;
				CURRENT_PROJECT_VERSION = 1;
				DEVELOPMENT_TEAM = UUD4WPFJTD;
				ENABLE_PREVIEWS = YES;
				GENERATE_INFOPLIST_FILE = YES;
				INFOPLIST_KEY_NSCameraUsageDescription = "QRコードをスキャンするためにカメラを使用します";
				INFOPLIST_KEY_UIApplicationSceneManifest_Generation = YES;
				INFOPLIST_KEY_UIApplicationSupportsIndirectInputEvents = YES;
				INFOPLIST_KEY_UILaunchScreen_Generation = YES;
				INFOPLIST_KEY_UISupportedInterfaceOrientations_iPad = "UIInterfaceOrientationPortrait UIInterfaceOrientationPortraitUpsideDown UIInterfaceOrientationLandscapeLeft UIInterfaceOrientationLandscapeRight";
				INFOPLIST_KEY_UISupportedInterfaceOrientations_iPhone = "UIInterfaceOrientationPortrait UIInterfaceOrientationLandscapeLeft UIInterfaceOrientationLandscapeRight";
				LD_RUNPATH_SEARCH_PATHS = (
					"$(inherited)",
					"@executable_path/Frameworks",
				);
				MARKETING_VERSION = 1.0;
				PRODUCT_BUNDLE_IDENTIFIER = com.asapapalab.AsaQRScanner;
				PRODUCT_NAME = "$(TARGET_NAME)";
				SWIFT_EMIT_LOC_STRINGS = YES;
				SWIFT_VERSION = 5.0;
				TARGETED_DEVICE_FAMILY = "1,2";
			};
			name = Debug;
		};
		D5C13F4B2E25AB910049D471 /* Release */ = {
			isa = XCBuildConfiguration;
			buildSettings = {
				ASSETCATALOG_COMPILER_APPICON_NAME = AppIcon;
				ASSETCATALOG_COMPILER_GLOBAL_ACCENT_COLOR_NAME = AccentColor;
				CODE_SIGN_STYLE = Automatic;
				CURRENT_PROJECT_VERSION = 1;
				DEVELOPMENT_TEAM = UUD4WPFJTD;
				ENABLE_PREVIEWS = YES;
				GENERATE_INFOPLIST_FILE = YES;
				INFOPLIST_KEY_NSCameraUsageDescription = "QRコードをスキャンするためにカメラを使用します";
				INFOPLIST_KEY_UIApplicationSceneManifest_Generation = YES;
				INFOPLIST_KEY_UIApplicationSupportsIndirectInputEvents = YES;
				INFOPLIST_KEY_UILaunchScreen_Generation = YES;
				INFOPLIST_KEY_UISupportedInterfaceOrientations_iPad = "UIInterfaceOrientationPortrait UIInterfaceOrientationPortraitUpsideDown UIInterfaceOrientationLandscapeLeft UIInterfaceOrientationLandscapeRight";
				INFOPLIST_KEY_UISupportedInterfaceOrientations_iPhone = "UIInterfaceOrientationPortrait UIInterfaceOrientationLandscapeLeft UIInterfaceOrientationLandscapeRight";
				LD_RUNPATH_SEARCH_PATHS = (
					"$(inherited)",
					"@executable_path/Frameworks",
				);
				MARKETING_VERSION = 1.0;
				PRODUCT_BUNDLE_IDENTIFIER = com.asapapalab.AsaQRScanner;
				PRODUCT_NAME = "$(TARGET_NAME)";
				SWIFT_EMIT_LOC_STRINGS = YES;
				SWIFT_VERSION = 5.0;
				TARGETED_DEVICE_FAMILY = "1,2";
			};
			name = Release;
		};
		D5C13F4D2E25AB910049D471 /* Debug */ = {
			isa = XCBuildConfiguration;
			buildSettings = {
				BUNDLE_LOADER = "$(TEST_HOST)";
				CODE_SIGN_STYLE = Automatic;
				CURRENT_PROJECT_VERSION = 1;
				DEVELOPMENT_TEAM = UUD4WPFJTD;
				GENERATE_INFOPLIST_FILE = YES;
				IPHONEOS_DEPLOYMENT_TARGET = 18.5;
				MARKETING_VERSION = 1.0;
				PRODUCT_BUNDLE_IDENTIFIER = com.asapapalab.AsaQRScannerTests;
				PRODUCT_NAME = "$(TARGET_NAME)";
				SWIFT_EMIT_LOC_STRINGS = NO;
				SWIFT_VERSION = 5.0;
				TARGETED_DEVICE_FAMILY = "1,2";
				TEST_HOST = "$(BUILT_PRODUCTS_DIR)/AsaQRScanner.app/$(BUNDLE_EXECUTABLE_FOLDER_PATH)/AsaQRScanner";
			};
			name = Debug;
		};
		D5C13F4E2E25AB910049D471 /* Release */ = {
			isa = XCBuildConfiguration;
			buildSettings = {
				BUNDLE_LOADER = "$(TEST_HOST)";
				CODE_SIGN_STYLE = Automatic;
				CURRENT_PROJECT_VERSION = 1;
				DEVELOPMENT_TEAM = UUD4WPFJTD;
				GENERATE_INFOPLIST_FILE = YES;
				IPHONEOS_DEPLOYMENT_TARGET = 18.5;
				MARKETING_VERSION = 1.0;
				PRODUCT_BUNDLE_IDENTIFIER = com.asapapalab.AsaQRScannerTests;
				PRODUCT_NAME = "$(TARGET_NAME)";
				SWIFT_EMIT_LOC_STRINGS = NO;
				SWIFT_VERSION = 5.0;
				TARGETED_DEVICE_FAMILY = "1,2";
				TEST_HOST = "$(BUILT_PRODUCTS_DIR)/AsaQRScanner.app/$(BUNDLE_EXECUTABLE_FOLDER_PATH)/AsaQRScanner";
			};
			name = Release;
		};
		D5C13F502E25AB910049D471 /* Debug */ = {
			isa = XCBuildConfiguration;
			buildSettings = {
				CODE_SIGN_STYLE = Automatic;
				CURRENT_PROJECT_VERSION = 1;
				DEVELOPMENT_TEAM = UUD4WPFJTD;
				GENERATE_INFOPLIST_FILE = YES;
				MARKETING_VERSION = 1.0;
				PRODUCT_BUNDLE_IDENTIFIER = com.asapapalab.AsaQRScannerUITests;
				PRODUCT_NAME = "$(TARGET_NAME)";
				SWIFT_EMIT_LOC_STRINGS = NO;
				SWIFT_VERSION = 5.0;
				TARGETED_DEVICE_FAMILY = "1,2";
				TEST_TARGET_NAME = AsaQRScanner;
			};
			name = Debug;
		};
		D5C13F512E25AB910049D471 /* Release */ = {
			isa = XCBuildConfiguration;
			buildSettings = {
				CODE_SIGN_STYLE = Automatic;
				CURRENT_PROJECT_VERSION = 1;
				DEVELOPMENT_TEAM = UUD4WPFJTD;
				GENERATE_INFOPLIST_FILE = YES;
				MARKETING_VERSION = 1.0;
				PRODUCT_BUNDLE_IDENTIFIER = com.asapapalab.AsaQRScannerUITests;
				PRODUCT_NAME = "$(TARGET_NAME)";
				SWIFT_EMIT_LOC_STRINGS = NO;
				SWIFT_VERSION = 5.0;
				TARGETED_DEVICE_FAMILY = "1,2";
				TEST_TARGET_NAME = AsaQRScanner;
			};
			name = Release;
		};
/* End XCBuildConfiguration section */

/* Begin XCConfigurationList section */
		D5C13F212E25AB900049D471 /* Build configuration list for PBXProject "AsaQRScanner" */ = {
			isa = XCConfigurationList;
			buildConfigurations = (
				D5C13F472E25AB910049D471 /* Debug */,
				D5C13F482E25AB910049D471 /* Release */,
			);
			defaultConfigurationIsVisible = 0;
			defaultConfigurationName = Release;
		};
		D5C13F492E25AB910049D471 /* Build configuration list for PBXNativeTarget "AsaQRScanner" */ = {
			isa = XCConfigurationList;
			buildConfigurations = (
				D5C13F4A2E25AB910049D471 /* Debug */,
				D5C13F4B2E25AB910049D471 /* Release */,
			);
			defaultConfigurationIsVisible = 0;
			defaultConfigurationName = Release;
		};
		D5C13F4C2E25AB910049D471 /* Build configuration list for PBXNativeTarget "AsaQRScannerTests" */ = {
			isa = XCConfigurationList;
			buildConfigurations = (
				D5C13F4D2E25AB910049D471 /* Debug */,
				D5C13F4E2E25AB910049D471 /* Release */,
			);
			defaultConfigurationIsVisible = 0;
			defaultConfigurationName = Release;
		};
		D5C13F4F2E25AB910049D471 /* Build configuration list for PBXNativeTarget "AsaQRScannerUITests" */ = {
			isa = XCConfigurationList;
			buildConfigurations = (
				D5C13F502E25AB910049D471 /* Debug */,
				D5C13F512E25AB910049D471 /* Release */,
			);
			defaultConfigurationIsVisible = 0;
			defaultConfigurationName = Release;
		};
/* End XCConfigurationList section */
	};
	rootObject = D5C13F1E2E25AB900049D471 /* Project object */;
}
